
Microsoft Visual Studio Solution File, Format Version 12.00
# Visual Studio Version 17
VisualStudioVersion = 17.7.34024.191
MinimumVisualStudioVersion = 10.0.40219.1
Project("{FAE04EC0-301F-11D3-BF4B-00C04F79EFBC}") = "PL_Admin", "PL_Admin\PL_Admin.csproj", "{DD19DEF0-C2E8-4A0F-A60B-CEBC375693F7}"
EndProject
Project("{FAE04EC0-301F-11D3-BF4B-00C04F79EFBC}") = "PL_Ecommerce", "PL_Ecommerce\PL_Ecommerce.csproj", "{B1A97386-A3EC-4041-B781-F7C4E3D3B386}"
EndProject
Project("{FAE04EC0-301F-11D3-BF4B-00C04F79EFBC}") = "DL", "DL\DL.csproj", "{072BF105-390B-4608-A2BE-BEDB8C53238B}"
EndProject
Project("{FAE04EC0-301F-11D3-BF4B-00C04F79EFBC}") = "ML", "ML\ML.csproj", "{9AB7D0BD-267F-4896-AF62-B889F2C5EB7C}"
EndProject
Project("{FAE04EC0-301F-11D3-BF4B-00C04F79EFBC}") = "BL", "BL\BL.csproj", "{E74BBFDD-7821-4F86-97BC-5B2806EA4259}"
EndProject
Global
	GlobalSection(SolutionConfigurationPlatforms) = preSolution
		Debug|Any CPU = Debug|Any CPU
		Release|Any CPU = Release|Any CPU
	EndGlobalSection
	GlobalSection(ProjectConfigurationPlatforms) = postSolution
		{DD19DEF0-C2E8-4A0F-A60B-CEBC375693F7}.Debug|Any CPU.ActiveCfg = Debug|Any CPU
		{DD19DEF0-C2E8-4A0F-A60B-CEBC375693F7}.Debug|Any CPU.Build.0 = Debug|Any CPU
		{DD19DEF0-C2E8-4A0F-A60B-CEBC375693F7}.Release|Any CPU.ActiveCfg = Release|Any CPU
		{DD19DEF0-C2E8-4A0F-A60B-CEBC375693F7}.Release|Any CPU.Build.0 = Release|Any CPU
		{B1A97386-A3EC-4041-B781-F7C4E3D3B386}.Debug|Any CPU.ActiveCfg = Debug|Any CPU
		{B1A97386-A3EC-4041-B781-F7C4E3D3B386}.Debug|Any CPU.Build.0 = Debug|Any CPU
		{B1A97386-A3EC-4041-B781-F7C4E3D3B386}.Release|Any CPU.ActiveCfg = Release|Any CPU
		{B1A97386-A3EC-4041-B781-F7C4E3D3B386}.Release|Any CPU.Build.0 = Release|Any CPU
		{072BF105-390B-4608-A2BE-BEDB8C53238B}.Debug|Any CPU.ActiveCfg = Debug|Any CPU
		{072BF105-390B-4608-A2BE-BEDB8C53238B}.Debug|Any CPU.Build.0 = Debug|Any CPU
		{072BF105-390B-4608-A2BE-BEDB8C53238B}.Release|Any CPU.ActiveCfg = Release|Any CPU
		{072BF105-390B-4608-A2BE-BEDB8C53238B}.Release|Any CPU.Build.0 = Release|Any CPU
		{9AB7D0BD-267F-4896-AF62-B889F2C5EB7C}.Debug|Any CPU.ActiveCfg = Debug|Any CPU
		{9AB7D0BD-267F-4896-AF62-B889F2C5EB7C}.Debug|Any CPU.Build.0 = Debug|Any CPU
		{9AB7D0BD-267F-4896-AF62-B889F2C5EB7C}.Release|Any CPU.ActiveCfg = Release|Any CPU
		{9AB7D0BD-267F-4896-AF62-B889F2C5EB7C}.Release|Any CPU.Build.0 = Release|Any CPU
		{E74BBFDD-7821-4F86-97BC-5B2806EA4259}.Debug|Any CPU.ActiveCfg = Debug|Any CPU
		{E74BBFDD-7821-4F86-97BC-5B2806EA4259}.Debug|Any CPU.Build.0 = Debug|Any CPU
		{E74BBFDD-7821-4F86-97BC-5B2806EA4259}.Release|Any CPU.ActiveCfg = Release|Any CPU
		{E74BBFDD-7821-4F86-97BC-5B2806EA4259}.Release|Any CPU.Build.0 = Release|Any CPU
	EndGlobalSection
	GlobalSection(SolutionProperties) = preSolution
		HideSolutionNode = FALSE
	EndGlobalSection
	GlobalSection(ExtensibilityGlobals) = postSolution
		SolutionGuid = {C330A391-FCE3-4B57-9DAE-605E8A5EA9DF}
	EndGlobalSection
EndGlobal
